
Microsoft Visual Studio Solution File, Format Version 12.00
# Visual Studio Version 16
VisualStudioVersion = 16.0.36324.18
MinimumVisualStudioVersion = 10.0.40219.1
Project("{FAE04EC0-301F-11D3-BF4B-00C04F79EFBC}") = "calculos", "calculos\calculos.csproj", "{F2FD1A4E-A403-4DC9-9029-F57C654CF864}"
EndProject
Global
	GlobalSection(SolutionConfigurationPlatforms) = preSolution
		Debug|Any CPU = Debug|Any CPU
		Release|Any CPU = Release|Any CPU
	EndGlobalSection
	GlobalSection(ProjectConfigurationPlatforms) = postSolution
		{F2FD1A4E-A403-4DC9-9029-F57C654CF864}.Debug|Any CPU.ActiveCfg = Debug|Any CPU
		{F2FD1A4E-A403-4DC9-9029-F57C654CF864}.Debug|Any CPU.Build.0 = Debug|Any CPU
		{F2FD1A4E-A403-4DC9-9029-F57C654CF864}.Release|Any CPU.ActiveCfg = Release|Any CPU
		{F2FD1A4E-A403-4DC9-9029-F57C654CF864}.Release|Any CPU.Build.0 = Release|Any CPU
	EndGlobalSection
	GlobalSection(SolutionProperties) = preSolution
		HideSolutionNode = FALSE
	EndGlobalSection
	GlobalSection(ExtensibilityGlobals) = postSolution
		SolutionGuid = {C6ED5F85-C8C2-4B2F-84DC-9838409BDB5F}
	EndGlobalSection
EndGlobal
