
Microsoft Visual Studio Solution File, Format Version 12.00
# Visual Studio Version 16
VisualStudioVersion = 16.0.36324.18
MinimumVisualStudioVersion = 10.0.40219.1
Project("{FAE04EC0-301F-11D3-BF4B-00C04F79EFBC}") = "Aula_0", "Aula_0\Aula_0.csproj", "{27AD1490-EBF6-448E-9992-E71B083A09A2}"
EndProject
Global
	GlobalSection(SolutionConfigurationPlatforms) = preSolution
		Debug|Any CPU = Debug|Any CPU
		Release|Any CPU = Release|Any CPU
	EndGlobalSection
	GlobalSection(ProjectConfigurationPlatforms) = postSolution
		{27AD1490-EBF6-448E-9992-E71B083A09A2}.Debug|Any CPU.ActiveCfg = Debug|Any CPU
		{27AD1490-EBF6-448E-9992-E71B083A09A2}.Debug|Any CPU.Build.0 = Debug|Any CPU
		{27AD1490-EBF6-448E-9992-E71B083A09A2}.Release|Any CPU.ActiveCfg = Release|Any CPU
		{27AD1490-EBF6-448E-9992-E71B083A09A2}.Release|Any CPU.Build.0 = Release|Any CPU
	EndGlobalSection
	GlobalSection(SolutionProperties) = preSolution
		HideSolutionNode = FALSE
	EndGlobalSection
	GlobalSection(ExtensibilityGlobals) = postSolution
		SolutionGuid = {CE68102F-7256-43F2-854C-197FF4CC71D9}
	EndGlobalSection
EndGlobal
